
Microsoft Visual Studio Solution File, Format Version 12.00
# Visual Studio Version 17
VisualStudioVersion = 17.14.36518.9
MinimumVisualStudioVersion = 10.0.40219.1
Project("{FAE04EC0-301F-11D3-BF4B-00C04F79EFBC}") = "Zealand_lokale_booking", "Zealand_lokale_booking\Zealand_lokale_booking.csproj", "{A37B0634-AF98-45BE-B728-591A9AF222C3}"
EndProject
Project("{FAE04EC0-301F-11D3-BF4B-00C04F79EFBC}") = "ZealandUniTest", "..\Zealand_lokale_booking9\TestProject1\ZealandUniTest.csproj", "{452DD6CD-CE2F-0389-217B-F5C472D98F32}"
EndProject
Global
	GlobalSection(SolutionConfigurationPlatforms) = preSolution
		Debug|Any CPU = Debug|Any CPU
		Release|Any CPU = Release|Any CPU
	EndGlobalSection
	GlobalSection(ProjectConfigurationPlatforms) = postSolution
		{A37B0634-AF98-45BE-B728-591A9AF222C3}.Debug|Any CPU.ActiveCfg = Debug|Any CPU
		{A37B0634-AF98-45BE-B728-591A9AF222C3}.Debug|Any CPU.Build.0 = Debug|Any CPU
		{A37B0634-AF98-45BE-B728-591A9AF222C3}.Release|Any CPU.ActiveCfg = Release|Any CPU
		{A37B0634-AF98-45BE-B728-591A9AF222C3}.Release|Any CPU.Build.0 = Release|Any CPU
		{452DD6CD-CE2F-0389-217B-F5C472D98F32}.Debug|Any CPU.ActiveCfg = Debug|Any CPU
		{452DD6CD-CE2F-0389-217B-F5C472D98F32}.Debug|Any CPU.Build.0 = Debug|Any CPU
		{452DD6CD-CE2F-0389-217B-F5C472D98F32}.Release|Any CPU.ActiveCfg = Release|Any CPU
		{452DD6CD-CE2F-0389-217B-F5C472D98F32}.Release|Any CPU.Build.0 = Release|Any CPU
	EndGlobalSection
	GlobalSection(SolutionProperties) = preSolution
		HideSolutionNode = FALSE
	EndGlobalSection
	GlobalSection(ExtensibilityGlobals) = postSolution
		SolutionGuid = {8E16CE2F-B288-4424-AF18-94DA50C21FE9}
	EndGlobalSection
EndGlobal
